// !$*UTF8*$!
{
	archiveVersion = 1;
	classes = {
	};
	objectVersion = 50;
	objects = {

/* Begin PBXBuildFile section */
		3788F831245CDAC300ACBD1E /* newCharts.swift in Sources */ = {isa = PBXBuildFile; fileRef = 3788F830245CDAC300ACBD1E /* newCharts.swift */; };
		3788F853245F4C1A00ACBD1E /* ChatView.swift in Sources */ = {isa = PBXBuildFile; fileRef = 3788F852245F4C1A00ACBD1E /* ChatView.swift */; };
		3799D70A2456834300EECDFB /* testing schedule.swift in Sources */ = {isa = PBXBuildFile; fileRef = 3799D7092456834300EECDFB /* testing schedule.swift */; };
		37F742BC244FBB610003A95E /* AppDelegate.swift in Sources */ = {isa = PBXBuildFile; fileRef = 37F742BB244FBB610003A95E /* AppDelegate.swift */; };
		37F742BE244FBB610003A95E /* SceneDelegate.swift in Sources */ = {isa = PBXBuildFile; fileRef = 37F742BD244FBB610003A95E /* SceneDelegate.swift */; };
		37F742C1244FBB610003A95E /* Lavendale.xcdatamodeld in Sources */ = {isa = PBXBuildFile; fileRef = 37F742BF244FBB610003A95E /* Lavendale.xcdatamodeld */; };
		37F742C3244FBB610003A95E /* ContentView.swift in Sources */ = {isa = PBXBuildFile; fileRef = 37F742C2244FBB610003A95E /* ContentView.swift */; };
		37F742C5244FBB620003A95E /* Assets.xcassets in Resources */ = {isa = PBXBuildFile; fileRef = 37F742C4244FBB620003A95E /* Assets.xcassets */; };
		37F742C8244FBB620003A95E /* Preview Assets.xcassets in Resources */ = {isa = PBXBuildFile; fileRef = 37F742C7244FBB620003A95E /* Preview Assets.xcassets */; };
		37F742CB244FBB620003A95E /* LaunchScreen.storyboard in Resources */ = {isa = PBXBuildFile; fileRef = 37F742C9244FBB620003A95E /* LaunchScreen.storyboard */; };
		37F742D3244FC4960003A95E /* DonorView.swift in Sources */ = {isa = PBXBuildFile; fileRef = 37F742D2244FC4960003A95E /* DonorView.swift */; };
		37F742D5244FC5640003A95E /* HomeView.swift in Sources */ = {isa = PBXBuildFile; fileRef = 37F742D4244FC5640003A95E /* HomeView.swift */; };
		37F742D8244FCF5B0003A95E /* Morjuis.ttf in Resources */ = {isa = PBXBuildFile; fileRef = 37F742D7244FCF5B0003A95E /* Morjuis.ttf */; };
		37F742DA244FCF6B0003A95E /* PollyRounded-Regular.ttf in Resources */ = {isa = PBXBuildFile; fileRef = 37F742D9244FCF6B0003A95E /* PollyRounded-Regular.ttf */; };
		37F742E02450A5620003A95E /* paitentView.swift in Sources */ = {isa = PBXBuildFile; fileRef = 37F742DF2450A5620003A95E /* paitentView.swift */; };
		37F742E52450ACFC0003A95E /* sample data.swift in Sources */ = {isa = PBXBuildFile; fileRef = 37F742E42450ACFC0003A95E /* sample data.swift */; };
		37F742E82450D06E0003A95E /* patient.swift in Sources */ = {isa = PBXBuildFile; fileRef = 37F742E72450D06D0003A95E /* patient.swift */; };
		37F8C7332458D38800409F34 /* testing charts.swift in Sources */ = {isa = PBXBuildFile; fileRef = 37F8C7322458D38800409F34 /* testing charts.swift */; };
/* End PBXBuildFile section */

/* Begin PBXFileReference section */
		3788F830245CDAC300ACBD1E /* newCharts.swift */ = {isa = PBXFileReference; lastKnownFileType = sourcecode.swift; path = newCharts.swift; sourceTree = "<group>"; };
		3788F852245F4C1A00ACBD1E /* ChatView.swift */ = {isa = PBXFileReference; lastKnownFileType = sourcecode.swift; path = ChatView.swift; sourceTree = "<group>"; };
		3799D7092456834300EECDFB /* testing schedule.swift */ = {isa = PBXFileReference; lastKnownFileType = sourcecode.swift; path = "testing schedule.swift"; sourceTree = "<group>"; };
		37F742B8244FBB610003A95E /* Lavendale.app */ = {isa = PBXFileReference; explicitFileType = wrapper.application; includeInIndex = 0; path = Lavendale.app; sourceTree = BUILT_PRODUCTS_DIR; };
		37F742BB244FBB610003A95E /* AppDelegate.swift */ = {isa = PBXFileReference; lastKnownFileType = sourcecode.swift; path = AppDelegate.swift; sourceTree = "<group>"; };
		37F742BD244FBB610003A95E /* SceneDelegate.swift */ = {isa = PBXFileReference; lastKnownFileType = sourcecode.swift; path = SceneDelegate.swift; sourceTree = "<group>"; };
		37F742C0244FBB610003A95E /* Lavendale.xcdatamodel */ = {isa = PBXFileReference; lastKnownFileType = wrapper.xcdatamodel; path = Lavendale.xcdatamodel; sourceTree = "<group>"; };
		37F742C2244FBB610003A95E /* ContentView.swift */ = {isa = PBXFileReference; lastKnownFileType = sourcecode.swift; path = ContentView.swift; sourceTree = "<group>"; };
		37F742C4244FBB620003A95E /* Assets.xcassets */ = {isa = PBXFileReference; lastKnownFileType = folder.assetcatalog; path = Assets.xcassets; sourceTree = "<group>"; };
		37F742C7244FBB620003A95E /* Preview Assets.xcassets */ = {isa = PBXFileReference; lastKnownFileType = folder.assetcatalog; path = "Preview Assets.xcassets"; sourceTree = "<group>"; };
		37F742CA244FBB620003A95E /* Base */ = {isa = PBXFileReference; lastKnownFileType = file.storyboard; name = Base; path = Base.lproj/LaunchScreen.storyboard; sourceTree = "<group>"; };
		37F742CC244FBB620003A95E /* Info.plist */ = {isa = PBXFileReference; lastKnownFileType = text.plist.xml; path = Info.plist; sourceTree = "<group>"; };
		37F742D2244FC4960003A95E /* DonorView.swift */ = {isa = PBXFileReference; lastKnownFileType = sourcecode.swift; path = DonorView.swift; sourceTree = "<group>"; };
		37F742D4244FC5640003A95E /* HomeView.swift */ = {isa = PBXFileReference; lastKnownFileType = sourcecode.swift; path = HomeView.swift; sourceTree = "<group>"; };
		37F742D7244FCF5B0003A95E /* Morjuis.ttf */ = {isa = PBXFileReference; lastKnownFileType = file; path = Morjuis.ttf; sourceTree = "<group>"; };
		37F742D9244FCF6B0003A95E /* PollyRounded-Regular.ttf */ = {isa = PBXFileReference; lastKnownFileType = file; path = "PollyRounded-Regular.ttf"; sourceTree = "<group>"; };
		37F742DF2450A5620003A95E /* paitentView.swift */ = {isa = PBXFileReference; lastKnownFileType = sourcecode.swift; path = paitentView.swift; sourceTree = "<group>"; };
		37F742E42450ACFC0003A95E /* sample data.swift */ = {isa = PBXFileReference; lastKnownFileType = sourcecode.swift; path = "sample data.swift"; sourceTree = "<group>"; };
		37F742E72450D06D0003A95E /* patient.swift */ = {isa = PBXFileReference; lastKnownFileType = sourcecode.swift; path = patient.swift; sourceTree = "<group>"; };
		37F8C7322458D38800409F34 /* testing charts.swift */ = {isa = PBXFileReference; lastKnownFileType = sourcecode.swift; path = "testing charts.swift"; sourceTree = "<group>"; };
/* End PBXFileReference section */

/* Begin PBXFrameworksBuildPhase section */
		37F742B5244FBB610003A95E /* Frameworks */ = {
			isa = PBXFrameworksBuildPhase;
			buildActionMask = 2147483647;
			files = (
			);
			runOnlyForDeploymentPostprocessing = 0;
		};
/* End PBXFrameworksBuildPhase section */

/* Begin PBXGroup section */
		37F742AF244FBB610003A95E = {
			isa = PBXGroup;
			children = (
				37F742BA244FBB610003A95E /* Lavendale */,
				37F742B9244FBB610003A95E /* Products */,
			);
			sourceTree = "<group>";
		};
		37F742B9244FBB610003A95E /* Products */ = {
			isa = PBXGroup;
			children = (
				37F742B8244FBB610003A95E /* Lavendale.app */,
			);
			name = Products;
			sourceTree = "<group>";
		};
		37F742BA244FBB610003A95E /* Lavendale */ = {
			isa = PBXGroup;
			children = (
				37F742BB244FBB610003A95E /* AppDelegate.swift */,
				37F742BD244FBB610003A95E /* SceneDelegate.swift */,
				37F742C2244FBB610003A95E /* ContentView.swift */,
				37F742D2244FC4960003A95E /* DonorView.swift */,
				37F742E62450D05F0003A95E /* Model */,
				37F742D4244FC5640003A95E /* HomeView.swift */,
				3788F830245CDAC300ACBD1E /* newCharts.swift */,
				3788F852245F4C1A00ACBD1E /* ChatView.swift */,
				3799D7092456834300EECDFB /* testing schedule.swift */,
				37F8C7322458D38800409F34 /* testing charts.swift */,
				37F742DF2450A5620003A95E /* paitentView.swift */,
				37F742E42450ACFC0003A95E /* sample data.swift */,
				37F742D6244FCF500003A95E /* Fonts */,
				37F742C4244FBB620003A95E /* Assets.xcassets */,
				37F742C9244FBB620003A95E /* LaunchScreen.storyboard */,
				37F742CC244FBB620003A95E /* Info.plist */,
				37F742BF244FBB610003A95E /* Lavendale.xcdatamodeld */,
				37F742C6244FBB620003A95E /* Preview Content */,
			);
			path = Lavendale;
			sourceTree = "<group>";
		};
		37F742C6244FBB620003A95E /* Preview Content */ = {
			isa = PBXGroup;
			children = (
				37F742C7244FBB620003A95E /* Preview Assets.xcassets */,
			);
			path = "Preview Content";
			sourceTree = "<group>";
		};
		37F742D6244FCF500003A95E /* Fonts */ = {
			isa = PBXGroup;
			children = (
				37F742D7244FCF5B0003A95E /* Morjuis.ttf */,
				37F742D9244FCF6B0003A95E /* PollyRounded-Regular.ttf */,
			);
			path = Fonts;
			sourceTree = "<group>";
		};
		37F742E62450D05F0003A95E /* Model */ = {
			isa = PBXGroup;
			children = (
				37F742E72450D06D0003A95E /* patient.swift */,
			);
			path = Model;
			sourceTree = "<group>";
		};
/* End PBXGroup section */

/* Begin PBXNativeTarget section */
		37F742B7244FBB610003A95E /* Lavendale */ = {
			isa = PBXNativeTarget;
			buildConfigurationList = 37F742CF244FBB620003A95E /* Build configuration list for PBXNativeTarget "Lavendale" */;
			buildPhases = (
				37F742B4244FBB610003A95E /* Sources */,
				37F742B5244FBB610003A95E /* Frameworks */,
				37F742B6244FBB610003A95E /* Resources */,
			);
			buildRules = (
			);
			dependencies = (
			);
			name = Lavendale;
			productName = Lavendale;
			productReference = 37F742B8244FBB610003A95E /* Lavendale.app */;
			productType = "com.apple.product-type.application";
		};
/* End PBXNativeTarget section */

/* Begin PBXProject section */
		37F742B0244FBB610003A95E /* Project object */ = {
			isa = PBXProject;
			attributes = {
				LastSwiftUpdateCheck = 1140;
				LastUpgradeCheck = 1140;
				ORGANIZATIONNAME = Lavendale;
				TargetAttributes = {
					37F742B7244FBB610003A95E = {
						CreatedOnToolsVersion = 11.4.1;
					};
				};
			};
			buildConfigurationList = 37F742B3244FBB610003A95E /* Build configuration list for PBXProject "Lavendale" */;
			compatibilityVersion = "Xcode 9.3";
			developmentRegion = en;
			hasScannedForEncodings = 0;
			knownRegions = (
				en,
				Base,
			);
			mainGroup = 37F742AF244FBB610003A95E;
			productRefGroup = 37F742B9244FBB610003A95E /* Products */;
			projectDirPath = "";
			projectRoot = "";
			targets = (
				37F742B7244FBB610003A95E /* Lavendale */,
			);
		};
/* End PBXProject section */

/* Begin PBXResourcesBuildPhase section */
		37F742B6244FBB610003A95E /* Resources */ = {
			isa = PBXResourcesBuildPhase;
			buildActionMask = 2147483647;
			files = (
				37F742DA244FCF6B0003A95E /* PollyRounded-Regular.ttf in Resources */,
				37F742D8244FCF5B0003A95E /* Morjuis.ttf in Resources */,
				37F742CB244FBB620003A95E /* LaunchScreen.storyboard in Resources */,
				37F742C8244FBB620003A95E /* Preview Assets.xcassets in Resources */,
				37F742C5244FBB620003A95E /* Assets.xcassets in Resources */,
			);
			runOnlyForDeploymentPostprocessing = 0;
		};
/* End PBXResourcesBuildPhase section */

/* Begin PBXSourcesBuildPhase section */
		37F742B4244FBB610003A95E /* Sources */ = {
			isa = PBXSourcesBuildPhase;
			buildActionMask = 2147483647;
			files = (
				37F742E52450ACFC0003A95E /* sample data.swift in Sources */,
				37F742BC244FBB610003A95E /* AppDelegate.swift in Sources */,
				37F742E02450A5620003A95E /* paitentView.swift in Sources */,
				37F742D3244FC4960003A95E /* DonorView.swift in Sources */,
				37F742BE244FBB610003A95E /* SceneDelegate.swift in Sources */,
				3788F831245CDAC300ACBD1E /* newCharts.swift in Sources */,
				3788F853245F4C1A00ACBD1E /* ChatView.swift in Sources */,
				37F742D5244FC5640003A95E /* HomeView.swift in Sources */,
				37F742E82450D06E0003A95E /* patient.swift in Sources */,
				37F742C3244FBB610003A95E /* ContentView.swift in Sources */,
				3799D70A2456834300EECDFB /* testing schedule.swift in Sources */,
				37F742C1244FBB610003A95E /* Lavendale.xcdatamodeld in Sources */,
				37F8C7332458D38800409F34 /* testing charts.swift in Sources */,
			);
			runOnlyForDeploymentPostprocessing = 0;
		};
/* End PBXSourcesBuildPhase section */

/* Begin PBXVariantGroup section */
		37F742C9244FBB620003A95E /* LaunchScreen.storyboard */ = {
			isa = PBXVariantGroup;
			children = (
				37F742CA244FBB620003A95E /* Base */,
			);
			name = LaunchScreen.storyboard;
			sourceTree = "<group>";
		};
/* End PBXVariantGroup section */

/* Begin XCBuildConfiguration section */
		37F742CD244FBB620003A95E /* Debug */ = {
			isa = XCBuildConfiguration;
			buildSettings = {
				ALWAYS_SEARCH_USER_PATHS = NO;
				CLANG_ANALYZER_NONNULL = YES;
				CLANG_ANALYZER_NUMBER_OBJECT_CONVERSION = YES_AGGRESSIVE;
				CLANG_CXX_LANGUAGE_STANDARD = "gnu++14";
				CLANG_CXX_LIBRARY = "libc++";
				CLANG_ENABLE_MODULES = YES;
				CLANG_ENABLE_OBJC_ARC = YES;
				CLANG_ENABLE_OBJC_WEAK = YES;
				CLANG_WARN_BLOCK_CAPTURE_AUTORELEASING = YES;
				CLANG_WARN_BOOL_CONVERSION = YES;
				CLANG_WARN_COMMA = YES;
				CLANG_WARN_CONSTANT_CONVERSION = YES;
				CLANG_WARN_DEPRECATED_OBJC_IMPLEMENTATIONS = YES;
				CLANG_WARN_DIRECT_OBJC_ISA_USAGE = YES_ERROR;
				CLANG_WARN_DOCUMENTATION_COMMENTS = YES;
				CLANG_WARN_EMPTY_BODY = YES;
				CLANG_WARN_ENUM_CONVERSION = YES;
				CLANG_WARN_INFINITE_RECURSION = YES;
				CLANG_WARN_INT_CONVERSION = YES;
				CLANG_WARN_NON_LITERAL_NULL_CONVERSION = YES;
				CLANG_WARN_OBJC_IMPLICIT_RETAIN_SELF = YES;
				CLANG_WARN_OBJC_LITERAL_CONVERSION = YES;
				CLANG_WARN_OBJC_ROOT_CLASS = YES_ERROR;
				CLANG_WARN_RANGE_LOOP_ANALYSIS = YES;
				CLANG_WARN_STRICT_PROTOTYPES = YES;
				CLANG_WARN_SUSPICIOUS_MOVE = YES;
				CLANG_WARN_UNGUARDED_AVAILABILITY = YES_AGGRESSIVE;
				CLANG_WARN_UNREACHABLE_CODE = YES;
				CLANG_WARN__DUPLICATE_METHOD_MATCH = YES;
				COPY_PHASE_STRIP = NO;
				DEBUG_INFORMATION_FORMAT = dwarf;
				ENABLE_STRICT_OBJC_MSGSEND = YES;
				ENABLE_TESTABILITY = YES;
				GCC_C_LANGUAGE_STANDARD = gnu11;
				GCC_DYNAMIC_NO_PIC = NO;
				GCC_NO_COMMON_BLOCKS = YES;
				GCC_OPTIMIZATION_LEVEL = 0;
				GCC_PREPROCESSOR_DEFINITIONS = (
					"DEBUG=1",
					"$(inherited)",
				);
				GCC_WARN_64_TO_32_BIT_CONVERSION = YES;
				GCC_WARN_ABOUT_RETURN_TYPE = YES_ERROR;
				GCC_WARN_UNDECLARED_SELECTOR = YES;
				GCC_WARN_UNINITIALIZED_AUTOS = YES_AGGRESSIVE;
				GCC_WARN_UNUSED_FUNCTION = YES;
				GCC_WARN_UNUSED_VARIABLE = YES;
				IPHONEOS_DEPLOYMENT_TARGET = 13.4;
				MTL_ENABLE_DEBUG_INFO = INCLUDE_SOURCE;
				MTL_FAST_MATH = YES;
				ONLY_ACTIVE_ARCH = YES;
				SDKROOT = iphoneos;
				SWIFT_ACTIVE_COMPILATION_CONDITIONS = DEBUG;
				SWIFT_OPTIMIZATION_LEVEL = "-Onone";
			};
			name = Debug;
		};
		37F742CE244FBB620003A95E /* Release */ = {
			isa = XCBuildConfiguration;
			buildSettings = {
				ALWAYS_SEARCH_USER_PATHS = NO;
				CLANG_ANALYZER_NONNULL = YES;
				CLANG_ANALYZER_NUMBER_OBJECT_CONVERSION = YES_AGGRESSIVE;
				CLANG_CXX_LANGUAGE_STANDARD = "gnu++14";
				CLANG_CXX_LIBRARY = "libc++";
				CLANG_ENABLE_MODULES = YES;
				CLANG_ENABLE_OBJC_ARC = YES;
				CLANG_ENABLE_OBJC_WEAK = YES;
				CLANG_WARN_BLOCK_CAPTURE_AUTORELEASING = YES;
				CLANG_WARN_BOOL_CONVERSION = YES;
				CLANG_WARN_COMMA = YES;
				CLANG_WARN_CONSTANT_CONVERSION = YES;
				CLANG_WARN_DEPRECATED_OBJC_IMPLEMENTATIONS = YES;
				CLANG_WARN_DIRECT_OBJC_ISA_USAGE = YES_ERROR;
				CLANG_WARN_DOCUMENTATION_COMMENTS = YES;
				CLANG_WARN_EMPTY_BODY = YES;
				CLANG_WARN_ENUM_CONVERSION = YES;
				CLANG_WARN_INFINITE_RECURSION = YES;
				CLANG_WARN_INT_CONVERSION = YES;
				CLANG_WARN_NON_LITERAL_NULL_CONVERSION = YES;
				CLANG_WARN_OBJC_IMPLICIT_RETAIN_SELF = YES;
				CLANG_WARN_OBJC_LITERAL_CONVERSION = YES;
				CLANG_WARN_OBJC_ROOT_CLASS = YES_ERROR;
				CLANG_WARN_RANGE_LOOP_ANALYSIS = YES;
				CLANG_WARN_STRICT_PROTOTYPES = YES;
				CLANG_WARN_SUSPICIOUS_MOVE = YES;
				CLANG_WARN_UNGUARDED_AVAILABILITY = YES_AGGRESSIVE;
				CLANG_WARN_UNREACHABLE_CODE = YES;
				CLANG_WARN__DUPLICATE_METHOD_MATCH = YES;
				COPY_PHASE_STRIP = NO;
				DEBUG_INFORMATION_FORMAT = "dwarf-with-dsym";
				ENABLE_NS_ASSERTIONS = NO;
				ENABLE_STRICT_OBJC_MSGSEND = YES;
				GCC_C_LANGUAGE_STANDARD = gnu11;
				GCC_NO_COMMON_BLOCKS = YES;
				GCC_WARN_64_TO_32_BIT_CONVERSION = YES;
				GCC_WARN_ABOUT_RETURN_TYPE = YES_ERROR;
				GCC_WARN_UNDECLARED_SELECTOR = YES;
				GCC_WARN_UNINITIALIZED_AUTOS = YES_AGGRESSIVE;
				GCC_WARN_UNUSED_FUNCTION = YES;
				GCC_WARN_UNUSED_VARIABLE = YES;
				IPHONEOS_DEPLOYMENT_TARGET = 13.4;
				MTL_ENABLE_DEBUG_INFO = NO;
				MTL_FAST_MATH = YES;
				SDKROOT = iphoneos;
				SWIFT_COMPILATION_MODE = wholemodule;
				SWIFT_OPTIMIZATION_LEVEL = "-O";
				VALIDATE_PRODUCT = YES;
			};
			name = Release;
		};
		37F742D0244FBB620003A95E /* Debug */ = {
			isa = XCBuildConfiguration;
			buildSettings = {
				ASSETCATALOG_COMPILER_APPICON_NAME = AppIcon;
				CODE_SIGN_STYLE = Automatic;
				CURRENT_PROJECT_VERSION = 12;
				DEVELOPMENT_ASSET_PATHS = "\"Lavendale/Preview Content\"";
				DEVELOPMENT_TEAM = 25Y24L598Y;
				ENABLE_PREVIEWS = YES;
				INFOPLIST_FILE = Lavendale/Info.plist;
				LD_RUNPATH_SEARCH_PATHS = (
					"$(inherited)",
					"@executable_path/Frameworks",
				);
				PRODUCT_BUNDLE_IDENTIFIER = HealthCare.Lavendale;
				PRODUCT_NAME = "$(TARGET_NAME)";
				SWIFT_VERSION = 5.0;
				TARGETED_DEVICE_FAMILY = 1;
			};
			name = Debug;
		};
		37F742D1244FBB620003A95E /* Release */ = {
			isa = XCBuildConfiguration;
			buildSettings = {
				ASSETCATALOG_COMPILER_APPICON_NAME = AppIcon;
				CODE_SIGN_STYLE = Automatic;
				CURRENT_PROJECT_VERSION = 12;
				DEVELOPMENT_ASSET_PATHS = "\"Lavendale/Preview Content\"";
				DEVELOPMENT_TEAM = 25Y24L598Y;
				ENABLE_PREVIEWS = YES;
				INFOPLIST_FILE = Lavendale/Info.plist;
				LD_RUNPATH_SEARCH_PATHS = (
					"$(inherited)",
					"@executable_path/Frameworks",
				);
				PRODUCT_BUNDLE_IDENTIFIER = HealthCare.Lavendale;
				PRODUCT_NAME = "$(TARGET_NAME)";
				SWIFT_VERSION = 5.0;
				TARGETED_DEVICE_FAMILY = 1;
			};
			name = Release;
		};
/* End XCBuildConfiguration section */

/* Begin XCConfigurationList section */
		37F742B3244FBB610003A95E /* Build configuration list for PBXProject "Lavendale" */ = {
			isa = XCConfigurationList;
			buildConfigurations = (
				37F742CD244FBB620003A95E /* Debug */,
				37F742CE244FBB620003A95E /* Release */,
			);
			defaultConfigurationIsVisible = 0;
			defaultConfigurationName = Release;
		};
		37F742CF244FBB620003A95E /* Build configuration list for PBXNativeTarget "Lavendale" */ = {
			isa = XCConfigurationList;
			buildConfigurations = (
				37F742D0244FBB620003A95E /* Debug */,
				37F742D1244FBB620003A95E /* Release */,
			);
			defaultConfigurationIsVisible = 0;
			defaultConfigurationName = Release;
		};
/* End XCConfigurationList section */

/* Begin XCVersionGroup section */
		37F742BF244FBB610003A95E /* Lavendale.xcdatamodeld */ = {
			isa = XCVersionGroup;
			children = (
				37F742C0244FBB610003A95E /* Lavendale.xcdatamodel */,
			);
			currentVersion = 37F742C0244FBB610003A95E /* Lavendale.xcdatamodel */;
			path = Lavendale.xcdatamodeld;
			sourceTree = "<group>";
			versionGroupType = wrapper.xcdatamodel;
		};
/* End XCVersionGroup section */
	};
	rootObject = 37F742B0244FBB610003A95E /* Project object */;
}
