// !$*UTF8*$!
{
	archiveVersion = 1;
	classes = {
	};
	objectVersion = 50;
	objects = {

/* Begin PBXBuildFile section */
		372CAD6324780A9200C195B4 /* profileTabs.swift in Sources */ = {isa = PBXBuildFile; fileRef = 372CAD6224780A9200C195B4 /* profileTabs.swift */; };
		372CAD68247843CA00C195B4 /* donorProfile.swift in Sources */ = {isa = PBXBuildFile; fileRef = 372CAD67247843CA00C195B4 /* donorProfile.swift */; };
		372CAD6A2478443500C195B4 /* providerProfile.swift in Sources */ = {isa = PBXBuildFile; fileRef = 372CAD692478443500C195B4 /* providerProfile.swift */; };
		372CAD6C2478445D00C195B4 /* patientProfile.swift in Sources */ = {isa = PBXBuildFile; fileRef = 372CAD6B2478445D00C195B4 /* patientProfile.swift */; };
		373C3EAB2479BEFB00353D60 /* TextBox.swift in Sources */ = {isa = PBXBuildFile; fileRef = 373C3EAA2479BEFB00353D60 /* TextBox.swift */; };
		373C3EAD247C0FE100353D60 /* Logo.swift in Sources */ = {isa = PBXBuildFile; fileRef = 373C3EAC247C0FE100353D60 /* Logo.swift */; };
		3788F831245CDAC300ACBD1E /* newCharts.swift in Sources */ = {isa = PBXBuildFile; fileRef = 3788F830245CDAC300ACBD1E /* newCharts.swift */; };
		3788F853245F4C1A00ACBD1E /* ChatView.swift in Sources */ = {isa = PBXBuildFile; fileRef = 3788F852245F4C1A00ACBD1E /* ChatView.swift */; };
		3788F8572464578F00ACBD1E /* testingschedule.swift in Sources */ = {isa = PBXBuildFile; fileRef = 3788F8562464578F00ACBD1E /* testingschedule.swift */; };
		3788F8592464797D00ACBD1E /* Today.swift in Sources */ = {isa = PBXBuildFile; fileRef = 3788F8582464797D00ACBD1E /* Today.swift */; };
		3788F85B2464798600ACBD1E /* Tomorrow.swift in Sources */ = {isa = PBXBuildFile; fileRef = 3788F85A2464798600ACBD1E /* Tomorrow.swift */; };
		3788F85D2464798C00ACBD1E /* Week.swift in Sources */ = {isa = PBXBuildFile; fileRef = 3788F85C2464798C00ACBD1E /* Week.swift */; };
		3793A3B8246790A0002B9A14 /* choice.swift in Sources */ = {isa = PBXBuildFile; fileRef = 3793A3B7246790A0002B9A14 /* choice.swift */; };
		3799D70A2456834300EECDFB /* testing schedule.swift in Sources */ = {isa = PBXBuildFile; fileRef = 3799D7092456834300EECDFB /* testing schedule.swift */; };
		37A565C2247025F800D53058 /* bezzy.swift in Sources */ = {isa = PBXBuildFile; fileRef = 37A565C1247025F700D53058 /* bezzy.swift */; };
		37A565D82470617B00D53058 /* Barlow-Light.ttf in Resources */ = {isa = PBXBuildFile; fileRef = 37A565C52470617B00D53058 /* Barlow-Light.ttf */; };
		37A565D92470617B00D53058 /* Barlow-SemiBoldItalic.ttf in Resources */ = {isa = PBXBuildFile; fileRef = 37A565C62470617B00D53058 /* Barlow-SemiBoldItalic.ttf */; };
		37A565DA2470617B00D53058 /* Barlow-BoldItalic.ttf in Resources */ = {isa = PBXBuildFile; fileRef = 37A565C72470617B00D53058 /* Barlow-BoldItalic.ttf */; };
		37A565DB2470617B00D53058 /* Barlow-ExtraLight.ttf in Resources */ = {isa = PBXBuildFile; fileRef = 37A565C82470617B00D53058 /* Barlow-ExtraLight.ttf */; };
		37A565DC2470617B00D53058 /* Barlow-ThinItalic.ttf in Resources */ = {isa = PBXBuildFile; fileRef = 37A565C92470617B00D53058 /* Barlow-ThinItalic.ttf */; };
		37A565DD2470617B00D53058 /* Barlow-MediumItalic.ttf in Resources */ = {isa = PBXBuildFile; fileRef = 37A565CA2470617B00D53058 /* Barlow-MediumItalic.ttf */; };
		37A565DE2470617B00D53058 /* Barlow-Italic.ttf in Resources */ = {isa = PBXBuildFile; fileRef = 37A565CB2470617B00D53058 /* Barlow-Italic.ttf */; };
		37A565DF2470617B00D53058 /* Barlow-ExtraLightItalic.ttf in Resources */ = {isa = PBXBuildFile; fileRef = 37A565CC2470617B00D53058 /* Barlow-ExtraLightItalic.ttf */; };
		37A565E02470617B00D53058 /* Barlow-ExtraBoldItalic.ttf in Resources */ = {isa = PBXBuildFile; fileRef = 37A565CD2470617B00D53058 /* Barlow-ExtraBoldItalic.ttf */; };
		37A565E12470617B00D53058 /* Barlow-Thin.ttf in Resources */ = {isa = PBXBuildFile; fileRef = 37A565CE2470617B00D53058 /* Barlow-Thin.ttf */; };
		37A565E22470617B00D53058 /* Barlow-ExtraBold.ttf in Resources */ = {isa = PBXBuildFile; fileRef = 37A565CF2470617B00D53058 /* Barlow-ExtraBold.ttf */; };
		37A565E32470617B00D53058 /* Barlow-LightItalic.ttf in Resources */ = {isa = PBXBuildFile; fileRef = 37A565D02470617B00D53058 /* Barlow-LightItalic.ttf */; };
		37A565E42470617B00D53058 /* Barlow-Bold.ttf in Resources */ = {isa = PBXBuildFile; fileRef = 37A565D12470617B00D53058 /* Barlow-Bold.ttf */; };
		37A565E52470617B00D53058 /* OFL.txt in Resources */ = {isa = PBXBuildFile; fileRef = 37A565D22470617B00D53058 /* OFL.txt */; };
		37A565E62470617B00D53058 /* Barlow-Medium.ttf in Resources */ = {isa = PBXBuildFile; fileRef = 37A565D32470617B00D53058 /* Barlow-Medium.ttf */; };
		37A565E72470617B00D53058 /* Barlow-Regular.ttf in Resources */ = {isa = PBXBuildFile; fileRef = 37A565D42470617B00D53058 /* Barlow-Regular.ttf */; };
		37A565E82470617B00D53058 /* Barlow-BlackItalic.ttf in Resources */ = {isa = PBXBuildFile; fileRef = 37A565D52470617B00D53058 /* Barlow-BlackItalic.ttf */; };
		37A565E92470617B00D53058 /* Barlow-SemiBold.ttf in Resources */ = {isa = PBXBuildFile; fileRef = 37A565D62470617B00D53058 /* Barlow-SemiBold.ttf */; };
		37A565EA2470617B00D53058 /* Barlow-Black.ttf in Resources */ = {isa = PBXBuildFile; fileRef = 37A565D72470617B00D53058 /* Barlow-Black.ttf */; };
		37A565EC2471740800D53058 /* StyleGuide.swift in Sources */ = {isa = PBXBuildFile; fileRef = 37A565EB2471740700D53058 /* StyleGuide.swift */; };
		37A565EF2472D81300D53058 /* onboardingQ1.swift in Sources */ = {isa = PBXBuildFile; fileRef = 37A565EE2472D81300D53058 /* onboardingQ1.swift */; };
		37A565F12472DACF00D53058 /* Global.swift in Sources */ = {isa = PBXBuildFile; fileRef = 37A565F02472DACF00D53058 /* Global.swift */; };
		37B1EEA624685EC1005C3354 /* fhirmaptesting.swift in Sources */ = {isa = PBXBuildFile; fileRef = 37B1EEA524685EC1005C3354 /* fhirmaptesting.swift */; };
		37B1EEFF2469CF05005C3354 /* FHIR.swift in Sources */ = {isa = PBXBuildFile; fileRef = 37B1EEFE2469CF05005C3354 /* FHIR.swift */; };
		37B1EF042469CFBC005C3354 /* FHIRViewModel.swift in Sources */ = {isa = PBXBuildFile; fileRef = 37B1EF032469CFBC005C3354 /* FHIRViewModel.swift */; };
		37B1EF062469CFE8005C3354 /* FHIRDatabase.swift in Sources */ = {isa = PBXBuildFile; fileRef = 37B1EF052469CFE8005C3354 /* FHIRDatabase.swift */; };
		37B1EF082469D032005C3354 /* APIClient.swift in Sources */ = {isa = PBXBuildFile; fileRef = 37B1EF072469D032005C3354 /* APIClient.swift */; };
		37CE2FB72472F11200F36017 /* profiles.swift in Sources */ = {isa = PBXBuildFile; fileRef = 37CE2FB62472F11200F36017 /* profiles.swift */; };
		37CE2FBA2473463400F36017 /* filters.swift in Sources */ = {isa = PBXBuildFile; fileRef = 37CE2FB92473463400F36017 /* filters.swift */; };
		37CE2FBC24736F5800F36017 /* map.swift in Sources */ = {isa = PBXBuildFile; fileRef = 37CE2FBB24736F5800F36017 /* map.swift */; };
		37CE2FE824760F8E00F36017 /* filterDetail.swift in Sources */ = {isa = PBXBuildFile; fileRef = 37CE2FE724760F8E00F36017 /* filterDetail.swift */; };
		37CE2FEA2476213700F36017 /* Notifications.swift in Sources */ = {isa = PBXBuildFile; fileRef = 37CE2FE92476213700F36017 /* Notifications.swift */; };
		37F742BC244FBB610003A95E /* AppDelegate.swift in Sources */ = {isa = PBXBuildFile; fileRef = 37F742BB244FBB610003A95E /* AppDelegate.swift */; };
		37F742BE244FBB610003A95E /* SceneDelegate.swift in Sources */ = {isa = PBXBuildFile; fileRef = 37F742BD244FBB610003A95E /* SceneDelegate.swift */; };
		37F742C1244FBB610003A95E /* Lavendale.xcdatamodeld in Sources */ = {isa = PBXBuildFile; fileRef = 37F742BF244FBB610003A95E /* Lavendale.xcdatamodeld */; };
		37F742C3244FBB610003A95E /* ContentView.swift in Sources */ = {isa = PBXBuildFile; fileRef = 37F742C2244FBB610003A95E /* ContentView.swift */; };
		37F742C5244FBB620003A95E /* Assets.xcassets in Resources */ = {isa = PBXBuildFile; fileRef = 37F742C4244FBB620003A95E /* Assets.xcassets */; };
		37F742C8244FBB620003A95E /* Preview Assets.xcassets in Resources */ = {isa = PBXBuildFile; fileRef = 37F742C7244FBB620003A95E /* Preview Assets.xcassets */; };
		37F742CB244FBB620003A95E /* LaunchScreen.storyboard in Resources */ = {isa = PBXBuildFile; fileRef = 37F742C9244FBB620003A95E /* LaunchScreen.storyboard */; };
		37F742D3244FC4960003A95E /* DonorView.swift in Sources */ = {isa = PBXBuildFile; fileRef = 37F742D2244FC4960003A95E /* DonorView.swift */; };
		37F742D5244FC5640003A95E /* HomeView.swift in Sources */ = {isa = PBXBuildFile; fileRef = 37F742D4244FC5640003A95E /* HomeView.swift */; };
		37F742D8244FCF5B0003A95E /* Morjuis.ttf in Resources */ = {isa = PBXBuildFile; fileRef = 37F742D7244FCF5B0003A95E /* Morjuis.ttf */; };
		37F742DA244FCF6B0003A95E /* PollyRounded-Regular.ttf in Resources */ = {isa = PBXBuildFile; fileRef = 37F742D9244FCF6B0003A95E /* PollyRounded-Regular.ttf */; };
		37F742E02450A5620003A95E /* paitentView.swift in Sources */ = {isa = PBXBuildFile; fileRef = 37F742DF2450A5620003A95E /* paitentView.swift */; };
		37F742E52450ACFC0003A95E /* sample data.swift in Sources */ = {isa = PBXBuildFile; fileRef = 37F742E42450ACFC0003A95E /* sample data.swift */; };
		37F742E82450D06E0003A95E /* patient.swift in Sources */ = {isa = PBXBuildFile; fileRef = 37F742E72450D06D0003A95E /* patient.swift */; };
		37F8C7332458D38800409F34 /* testing charts.swift in Sources */ = {isa = PBXBuildFile; fileRef = 37F8C7322458D38800409F34 /* testing charts.swift */; };
/* End PBXBuildFile section */

/* Begin PBXFileReference section */
		372CAD6224780A9200C195B4 /* profileTabs.swift */ = {isa = PBXFileReference; lastKnownFileType = sourcecode.swift; path = profileTabs.swift; sourceTree = "<group>"; };
		372CAD67247843CA00C195B4 /* donorProfile.swift */ = {isa = PBXFileReference; lastKnownFileType = sourcecode.swift; path = donorProfile.swift; sourceTree = "<group>"; };
		372CAD692478443500C195B4 /* providerProfile.swift */ = {isa = PBXFileReference; lastKnownFileType = sourcecode.swift; path = providerProfile.swift; sourceTree = "<group>"; };
		372CAD6B2478445D00C195B4 /* patientProfile.swift */ = {isa = PBXFileReference; lastKnownFileType = sourcecode.swift; path = patientProfile.swift; sourceTree = "<group>"; };
		373C3EAA2479BEFB00353D60 /* TextBox.swift */ = {isa = PBXFileReference; lastKnownFileType = sourcecode.swift; path = TextBox.swift; sourceTree = "<group>"; };
		373C3EAC247C0FE100353D60 /* Logo.swift */ = {isa = PBXFileReference; lastKnownFileType = sourcecode.swift; path = Logo.swift; sourceTree = "<group>"; };
		3788F830245CDAC300ACBD1E /* newCharts.swift */ = {isa = PBXFileReference; lastKnownFileType = sourcecode.swift; path = newCharts.swift; sourceTree = "<group>"; };
		3788F852245F4C1A00ACBD1E /* ChatView.swift */ = {isa = PBXFileReference; lastKnownFileType = sourcecode.swift; path = ChatView.swift; sourceTree = "<group>"; };
		3788F8562464578F00ACBD1E /* testingschedule.swift */ = {isa = PBXFileReference; lastKnownFileType = sourcecode.swift; path = testingschedule.swift; sourceTree = "<group>"; };
		3788F8582464797D00ACBD1E /* Today.swift */ = {isa = PBXFileReference; lastKnownFileType = sourcecode.swift; path = Today.swift; sourceTree = "<group>"; };
		3788F85A2464798600ACBD1E /* Tomorrow.swift */ = {isa = PBXFileReference; lastKnownFileType = sourcecode.swift; path = Tomorrow.swift; sourceTree = "<group>"; };
		3788F85C2464798C00ACBD1E /* Week.swift */ = {isa = PBXFileReference; lastKnownFileType = sourcecode.swift; path = Week.swift; sourceTree = "<group>"; };
		3793A3B7246790A0002B9A14 /* choice.swift */ = {isa = PBXFileReference; lastKnownFileType = sourcecode.swift; path = choice.swift; sourceTree = "<group>"; };
		3799D7092456834300EECDFB /* testing schedule.swift */ = {isa = PBXFileReference; lastKnownFileType = sourcecode.swift; path = "testing schedule.swift"; sourceTree = "<group>"; };
		37A565C1247025F700D53058 /* bezzy.swift */ = {isa = PBXFileReference; lastKnownFileType = sourcecode.swift; path = bezzy.swift; sourceTree = "<group>"; };
		37A565C52470617B00D53058 /* Barlow-Light.ttf */ = {isa = PBXFileReference; lastKnownFileType = file; path = "Barlow-Light.ttf"; sourceTree = "<group>"; };
		37A565C62470617B00D53058 /* Barlow-SemiBoldItalic.ttf */ = {isa = PBXFileReference; lastKnownFileType = file; path = "Barlow-SemiBoldItalic.ttf"; sourceTree = "<group>"; };
		37A565C72470617B00D53058 /* Barlow-BoldItalic.ttf */ = {isa = PBXFileReference; lastKnownFileType = file; path = "Barlow-BoldItalic.ttf"; sourceTree = "<group>"; };
		37A565C82470617B00D53058 /* Barlow-ExtraLight.ttf */ = {isa = PBXFileReference; lastKnownFileType = file; path = "Barlow-ExtraLight.ttf"; sourceTree = "<group>"; };
		37A565C92470617B00D53058 /* Barlow-ThinItalic.ttf */ = {isa = PBXFileReference; lastKnownFileType = file; path = "Barlow-ThinItalic.ttf"; sourceTree = "<group>"; };
		37A565CA2470617B00D53058 /* Barlow-MediumItalic.ttf */ = {isa = PBXFileReference; lastKnownFileType = file; path = "Barlow-MediumItalic.ttf"; sourceTree = "<group>"; };
		37A565CB2470617B00D53058 /* Barlow-Italic.ttf */ = {isa = PBXFileReference; lastKnownFileType = file; path = "Barlow-Italic.ttf"; sourceTree = "<group>"; };
		37A565CC2470617B00D53058 /* Barlow-ExtraLightItalic.ttf */ = {isa = PBXFileReference; lastKnownFileType = file; path = "Barlow-ExtraLightItalic.ttf"; sourceTree = "<group>"; };
		37A565CD2470617B00D53058 /* Barlow-ExtraBoldItalic.ttf */ = {isa = PBXFileReference; lastKnownFileType = file; path = "Barlow-ExtraBoldItalic.ttf"; sourceTree = "<group>"; };
		37A565CE2470617B00D53058 /* Barlow-Thin.ttf */ = {isa = PBXFileReference; lastKnownFileType = file; path = "Barlow-Thin.ttf"; sourceTree = "<group>"; };
		37A565CF2470617B00D53058 /* Barlow-ExtraBold.ttf */ = {isa = PBXFileReference; lastKnownFileType = file; path = "Barlow-ExtraBold.ttf"; sourceTree = "<group>"; };
		37A565D02470617B00D53058 /* Barlow-LightItalic.ttf */ = {isa = PBXFileReference; lastKnownFileType = file; path = "Barlow-LightItalic.ttf"; sourceTree = "<group>"; };
		37A565D12470617B00D53058 /* Barlow-Bold.ttf */ = {isa = PBXFileReference; lastKnownFileType = file; path = "Barlow-Bold.ttf"; sourceTree = "<group>"; };
		37A565D22470617B00D53058 /* OFL.txt */ = {isa = PBXFileReference; fileEncoding = 4; lastKnownFileType = text; path = OFL.txt; sourceTree = "<group>"; };
		37A565D32470617B00D53058 /* Barlow-Medium.ttf */ = {isa = PBXFileReference; lastKnownFileType = file; path = "Barlow-Medium.ttf"; sourceTree = "<group>"; };
		37A565D42470617B00D53058 /* Barlow-Regular.ttf */ = {isa = PBXFileReference; lastKnownFileType = file; path = "Barlow-Regular.ttf"; sourceTree = "<group>"; };
		37A565D52470617B00D53058 /* Barlow-BlackItalic.ttf */ = {isa = PBXFileReference; lastKnownFileType = file; path = "Barlow-BlackItalic.ttf"; sourceTree = "<group>"; };
		37A565D62470617B00D53058 /* Barlow-SemiBold.ttf */ = {isa = PBXFileReference; lastKnownFileType = file; path = "Barlow-SemiBold.ttf"; sourceTree = "<group>"; };
		37A565D72470617B00D53058 /* Barlow-Black.ttf */ = {isa = PBXFileReference; lastKnownFileType = file; path = "Barlow-Black.ttf"; sourceTree = "<group>"; };
		37A565EB2471740700D53058 /* StyleGuide.swift */ = {isa = PBXFileReference; lastKnownFileType = sourcecode.swift; path = StyleGuide.swift; sourceTree = "<group>"; };
		37A565EE2472D81300D53058 /* onboardingQ1.swift */ = {isa = PBXFileReference; lastKnownFileType = sourcecode.swift; path = onboardingQ1.swift; sourceTree = "<group>"; };
		37A565F02472DACF00D53058 /* Global.swift */ = {isa = PBXFileReference; lastKnownFileType = sourcecode.swift; path = Global.swift; sourceTree = "<group>"; };
		37B1EEA524685EC1005C3354 /* fhirmaptesting.swift */ = {isa = PBXFileReference; lastKnownFileType = sourcecode.swift; path = fhirmaptesting.swift; sourceTree = "<group>"; };
		37B1EEFE2469CF05005C3354 /* FHIR.swift */ = {isa = PBXFileReference; lastKnownFileType = sourcecode.swift; path = FHIR.swift; sourceTree = "<group>"; };
		37B1EF032469CFBC005C3354 /* FHIRViewModel.swift */ = {isa = PBXFileReference; fileEncoding = 4; lastKnownFileType = sourcecode.swift; path = FHIRViewModel.swift; sourceTree = "<group>"; };
		37B1EF052469CFE8005C3354 /* FHIRDatabase.swift */ = {isa = PBXFileReference; lastKnownFileType = sourcecode.swift; path = FHIRDatabase.swift; sourceTree = "<group>"; };
		37B1EF072469D032005C3354 /* APIClient.swift */ = {isa = PBXFileReference; lastKnownFileType = sourcecode.swift; path = APIClient.swift; sourceTree = "<group>"; };
		37CE2FB62472F11200F36017 /* profiles.swift */ = {isa = PBXFileReference; lastKnownFileType = sourcecode.swift; path = profiles.swift; sourceTree = "<group>"; };
		37CE2FB92473463400F36017 /* filters.swift */ = {isa = PBXFileReference; lastKnownFileType = sourcecode.swift; path = filters.swift; sourceTree = "<group>"; };
		37CE2FBB24736F5800F36017 /* map.swift */ = {isa = PBXFileReference; lastKnownFileType = sourcecode.swift; path = map.swift; sourceTree = "<group>"; };
		37CE2FE724760F8E00F36017 /* filterDetail.swift */ = {isa = PBXFileReference; lastKnownFileType = sourcecode.swift; path = filterDetail.swift; sourceTree = "<group>"; };
		37CE2FE92476213700F36017 /* Notifications.swift */ = {isa = PBXFileReference; lastKnownFileType = sourcecode.swift; path = Notifications.swift; sourceTree = "<group>"; };
		37F742B8244FBB610003A95E /* Lavendale.app */ = {isa = PBXFileReference; explicitFileType = wrapper.application; includeInIndex = 0; path = Lavendale.app; sourceTree = BUILT_PRODUCTS_DIR; };
		37F742BB244FBB610003A95E /* AppDelegate.swift */ = {isa = PBXFileReference; lastKnownFileType = sourcecode.swift; path = AppDelegate.swift; sourceTree = "<group>"; };
		37F742BD244FBB610003A95E /* SceneDelegate.swift */ = {isa = PBXFileReference; lastKnownFileType = sourcecode.swift; path = SceneDelegate.swift; sourceTree = "<group>"; };
		37F742C0244FBB610003A95E /* Lavendale.xcdatamodel */ = {isa = PBXFileReference; lastKnownFileType = wrapper.xcdatamodel; path = Lavendale.xcdatamodel; sourceTree = "<group>"; };
		37F742C2244FBB610003A95E /* ContentView.swift */ = {isa = PBXFileReference; lastKnownFileType = sourcecode.swift; path = ContentView.swift; sourceTree = "<group>"; };
		37F742C4244FBB620003A95E /* Assets.xcassets */ = {isa = PBXFileReference; lastKnownFileType = folder.assetcatalog; path = Assets.xcassets; sourceTree = "<group>"; };
		37F742C7244FBB620003A95E /* Preview Assets.xcassets */ = {isa = PBXFileReference; lastKnownFileType = folder.assetcatalog; path = "Preview Assets.xcassets"; sourceTree = "<group>"; };
		37F742CA244FBB620003A95E /* Base */ = {isa = PBXFileReference; lastKnownFileType = file.storyboard; name = Base; path = Base.lproj/LaunchScreen.storyboard; sourceTree = "<group>"; };
		37F742CC244FBB620003A95E /* Info.plist */ = {isa = PBXFileReference; lastKnownFileType = text.plist.xml; path = Info.plist; sourceTree = "<group>"; };
		37F742D2244FC4960003A95E /* DonorView.swift */ = {isa = PBXFileReference; lastKnownFileType = sourcecode.swift; path = DonorView.swift; sourceTree = "<group>"; };
		37F742D4244FC5640003A95E /* HomeView.swift */ = {isa = PBXFileReference; lastKnownFileType = sourcecode.swift; path = HomeView.swift; sourceTree = "<group>"; };
		37F742D7244FCF5B0003A95E /* Morjuis.ttf */ = {isa = PBXFileReference; lastKnownFileType = file; path = Morjuis.ttf; sourceTree = "<group>"; };
		37F742D9244FCF6B0003A95E /* PollyRounded-Regular.ttf */ = {isa = PBXFileReference; lastKnownFileType = file; path = "PollyRounded-Regular.ttf"; sourceTree = "<group>"; };
		37F742DF2450A5620003A95E /* paitentView.swift */ = {isa = PBXFileReference; lastKnownFileType = sourcecode.swift; path = paitentView.swift; sourceTree = "<group>"; };
		37F742E42450ACFC0003A95E /* sample data.swift */ = {isa = PBXFileReference; lastKnownFileType = sourcecode.swift; path = "sample data.swift"; sourceTree = "<group>"; };
		37F742E72450D06D0003A95E /* patient.swift */ = {isa = PBXFileReference; lastKnownFileType = sourcecode.swift; path = patient.swift; sourceTree = "<group>"; };
		37F8C7322458D38800409F34 /* testing charts.swift */ = {isa = PBXFileReference; lastKnownFileType = sourcecode.swift; path = "testing charts.swift"; sourceTree = "<group>"; };
/* End PBXFileReference section */

/* Begin PBXFrameworksBuildPhase section */
		37F742B5244FBB610003A95E /* Frameworks */ = {
			isa = PBXFrameworksBuildPhase;
			buildActionMask = 2147483647;
			files = (
			);
			runOnlyForDeploymentPostprocessing = 0;
		};
/* End PBXFrameworksBuildPhase section */

/* Begin PBXGroup section */
		372CAD642478438300C195B4 /* Patient Profile */ = {
			isa = PBXGroup;
			children = (
				372CAD6B2478445D00C195B4 /* patientProfile.swift */,
			);
			path = "Patient Profile";
			sourceTree = "<group>";
		};
		372CAD652478439100C195B4 /* Donor Profile */ = {
			isa = PBXGroup;
			children = (
				372CAD67247843CA00C195B4 /* donorProfile.swift */,
			);
			path = "Donor Profile";
			sourceTree = "<group>";
		};
		372CAD662478439B00C195B4 /* Provider Profile */ = {
			isa = PBXGroup;
			children = (
				372CAD692478443500C195B4 /* providerProfile.swift */,
			);
			path = "Provider Profile";
			sourceTree = "<group>";
		};
		373C3EA92479BE9100353D60 /* Messenger */ = {
			isa = PBXGroup;
			children = (
				373C3EAA2479BEFB00353D60 /* TextBox.swift */,
			);
			path = Messenger;
			sourceTree = "<group>";
		};
		37A565C42470617B00D53058 /* Barlow */ = {
			isa = PBXGroup;
			children = (
				37A565C52470617B00D53058 /* Barlow-Light.ttf */,
				37A565C62470617B00D53058 /* Barlow-SemiBoldItalic.ttf */,
				37A565C72470617B00D53058 /* Barlow-BoldItalic.ttf */,
				37A565C82470617B00D53058 /* Barlow-ExtraLight.ttf */,
				37A565C92470617B00D53058 /* Barlow-ThinItalic.ttf */,
				37A565CA2470617B00D53058 /* Barlow-MediumItalic.ttf */,
				37A565CB2470617B00D53058 /* Barlow-Italic.ttf */,
				37A565CC2470617B00D53058 /* Barlow-ExtraLightItalic.ttf */,
				37A565CD2470617B00D53058 /* Barlow-ExtraBoldItalic.ttf */,
				37A565CE2470617B00D53058 /* Barlow-Thin.ttf */,
				37A565CF2470617B00D53058 /* Barlow-ExtraBold.ttf */,
				37A565D02470617B00D53058 /* Barlow-LightItalic.ttf */,
				37A565D12470617B00D53058 /* Barlow-Bold.ttf */,
				37A565D22470617B00D53058 /* OFL.txt */,
				37A565D32470617B00D53058 /* Barlow-Medium.ttf */,
				37A565D42470617B00D53058 /* Barlow-Regular.ttf */,
				37A565D52470617B00D53058 /* Barlow-BlackItalic.ttf */,
				37A565D62470617B00D53058 /* Barlow-SemiBold.ttf */,
				37A565D72470617B00D53058 /* Barlow-Black.ttf */,
			);
			name = Barlow;
			path = Barlow/Barlow;
			sourceTree = "<group>";
		};
		37A565ED2472CC7800D53058 /* Componets */ = {
			isa = PBXGroup;
			children = (
				37A565F02472DACF00D53058 /* Global.swift */,
			);
			path = Componets;
			sourceTree = "<group>";
		};
		37A565F22472DC6B00D53058 /* Onboarding */ = {
			isa = PBXGroup;
			children = (
				37A565EE2472D81300D53058 /* onboardingQ1.swift */,
				37A565C1247025F700D53058 /* bezzy.swift */,
			);
			path = Onboarding;
			sourceTree = "<group>";
		};
		37A565F32472DC9400D53058 /* Application */ = {
			isa = PBXGroup;
			children = (
				37F742BD244FBB610003A95E /* SceneDelegate.swift */,
				37F742BB244FBB610003A95E /* AppDelegate.swift */,
				37F742C2244FBB610003A95E /* ContentView.swift */,
			);
			path = Application;
			sourceTree = "<group>";
		};
		37B1EF002469CF92005C3354 /* Networking */ = {
			isa = PBXGroup;
			children = (
				37B1EF032469CFBC005C3354 /* FHIRViewModel.swift */,
				37B1EF052469CFE8005C3354 /* FHIRDatabase.swift */,
				37B1EF072469D032005C3354 /* APIClient.swift */,
			);
			path = Networking;
			sourceTree = "<group>";
		};
		37CE2FB52472F0FC00F36017 /* Profile */ = {
			isa = PBXGroup;
			children = (
				37CE2FB62472F11200F36017 /* profiles.swift */,
				372CAD6224780A9200C195B4 /* profileTabs.swift */,
				372CAD642478438300C195B4 /* Patient Profile */,
				372CAD662478439B00C195B4 /* Provider Profile */,
				372CAD652478439100C195B4 /* Donor Profile */,
				37CE2FE92476213700F36017 /* Notifications.swift */,
				373C3EAC247C0FE100353D60 /* Logo.swift */,
			);
			path = Profile;
			sourceTree = "<group>";
		};
		37CE2FB82473461B00F36017 /* Map */ = {
			isa = PBXGroup;
			children = (
				37CE2FB92473463400F36017 /* filters.swift */,
				37CE2FBB24736F5800F36017 /* map.swift */,
				37CE2FE724760F8E00F36017 /* filterDetail.swift */,
			);
			path = Map;
			sourceTree = "<group>";
		};
		37F742AF244FBB610003A95E = {
			isa = PBXGroup;
			children = (
				37F742BA244FBB610003A95E /* Lavendale */,
				37F742B9244FBB610003A95E /* Products */,
			);
			sourceTree = "<group>";
		};
		37F742B9244FBB610003A95E /* Products */ = {
			isa = PBXGroup;
			children = (
				37F742B8244FBB610003A95E /* Lavendale.app */,
			);
			name = Products;
			sourceTree = "<group>";
		};
		37F742BA244FBB610003A95E /* Lavendale */ = {
			isa = PBXGroup;
			children = (
				373C3EA92479BE9100353D60 /* Messenger */,
				37CE2FB82473461B00F36017 /* Map */,
				37CE2FB52472F0FC00F36017 /* Profile */,
				37A565F22472DC6B00D53058 /* Onboarding */,
				37A565ED2472CC7800D53058 /* Componets */,
				37A565F32472DC9400D53058 /* Application */,
				37F742D2244FC4960003A95E /* DonorView.swift */,
				37B1EEA524685EC1005C3354 /* fhirmaptesting.swift */,
				37B1EF002469CF92005C3354 /* Networking */,
				37F742E62450D05F0003A95E /* Model */,
				37F742D4244FC5640003A95E /* HomeView.swift */,
				3788F830245CDAC300ACBD1E /* newCharts.swift */,
				3788F852245F4C1A00ACBD1E /* ChatView.swift */,
				3799D7092456834300EECDFB /* testing schedule.swift */,
				3788F8582464797D00ACBD1E /* Today.swift */,
				3788F85A2464798600ACBD1E /* Tomorrow.swift */,
				3788F85C2464798C00ACBD1E /* Week.swift */,
				37A565EB2471740700D53058 /* StyleGuide.swift */,
				37F8C7322458D38800409F34 /* testing charts.swift */,
				3788F8562464578F00ACBD1E /* testingschedule.swift */,
				3793A3B7246790A0002B9A14 /* choice.swift */,
				37F742DF2450A5620003A95E /* paitentView.swift */,
				37F742E42450ACFC0003A95E /* sample data.swift */,
				37F742D6244FCF500003A95E /* Fonts */,
				37F742C4244FBB620003A95E /* Assets.xcassets */,
				37F742C9244FBB620003A95E /* LaunchScreen.storyboard */,
				37F742CC244FBB620003A95E /* Info.plist */,
				37F742BF244FBB610003A95E /* Lavendale.xcdatamodeld */,
				37F742C6244FBB620003A95E /* Preview Content */,
			);
			path = Lavendale;
			sourceTree = "<group>";
		};
		37F742C6244FBB620003A95E /* Preview Content */ = {
			isa = PBXGroup;
			children = (
				37F742C7244FBB620003A95E /* Preview Assets.xcassets */,
			);
			path = "Preview Content";
			sourceTree = "<group>";
		};
		37F742D6244FCF500003A95E /* Fonts */ = {
			isa = PBXGroup;
			children = (
				37A565C42470617B00D53058 /* Barlow */,
				37F742D7244FCF5B0003A95E /* Morjuis.ttf */,
				37F742D9244FCF6B0003A95E /* PollyRounded-Regular.ttf */,
			);
			path = Fonts;
			sourceTree = "<group>";
		};
		37F742E62450D05F0003A95E /* Model */ = {
			isa = PBXGroup;
			children = (
				37F742E72450D06D0003A95E /* patient.swift */,
				37B1EEFE2469CF05005C3354 /* FHIR.swift */,
			);
			path = Model;
			sourceTree = "<group>";
		};
/* End PBXGroup section */

/* Begin PBXNativeTarget section */
		37F742B7244FBB610003A95E /* Lavendale */ = {
			isa = PBXNativeTarget;
			buildConfigurationList = 37F742CF244FBB620003A95E /* Build configuration list for PBXNativeTarget "Lavendale" */;
			buildPhases = (
				37F742B4244FBB610003A95E /* Sources */,
				37F742B5244FBB610003A95E /* Frameworks */,
				37F742B6244FBB610003A95E /* Resources */,
			);
			buildRules = (
			);
			dependencies = (
			);
			name = Lavendale;
			productName = Lavendale;
			productReference = 37F742B8244FBB610003A95E /* Lavendale.app */;
			productType = "com.apple.product-type.application";
		};
/* End PBXNativeTarget section */

/* Begin PBXProject section */
		37F742B0244FBB610003A95E /* Project object */ = {
			isa = PBXProject;
			attributes = {
				LastSwiftUpdateCheck = 1140;
				LastUpgradeCheck = 1140;
				ORGANIZATIONNAME = Lavendale;
				TargetAttributes = {
					37F742B7244FBB610003A95E = {
						CreatedOnToolsVersion = 11.4.1;
					};
				};
			};
			buildConfigurationList = 37F742B3244FBB610003A95E /* Build configuration list for PBXProject "Lavendale" */;
			compatibilityVersion = "Xcode 9.3";
			developmentRegion = en;
			hasScannedForEncodings = 0;
			knownRegions = (
				en,
				Base,
			);
			mainGroup = 37F742AF244FBB610003A95E;
			productRefGroup = 37F742B9244FBB610003A95E /* Products */;
			projectDirPath = "";
			projectRoot = "";
			targets = (
				37F742B7244FBB610003A95E /* Lavendale */,
			);
		};
/* End PBXProject section */

/* Begin PBXResourcesBuildPhase section */
		37F742B6244FBB610003A95E /* Resources */ = {
			isa = PBXResourcesBuildPhase;
			buildActionMask = 2147483647;
			files = (
				37F742DA244FCF6B0003A95E /* PollyRounded-Regular.ttf in Resources */,
				37F742D8244FCF5B0003A95E /* Morjuis.ttf in Resources */,
				37A565E12470617B00D53058 /* Barlow-Thin.ttf in Resources */,
				37A565E82470617B00D53058 /* Barlow-BlackItalic.ttf in Resources */,
				37A565DB2470617B00D53058 /* Barlow-ExtraLight.ttf in Resources */,
				37A565EA2470617B00D53058 /* Barlow-Black.ttf in Resources */,
				37A565E02470617B00D53058 /* Barlow-ExtraBoldItalic.ttf in Resources */,
				37A565D82470617B00D53058 /* Barlow-Light.ttf in Resources */,
				37A565E62470617B00D53058 /* Barlow-Medium.ttf in Resources */,
				37A565DC2470617B00D53058 /* Barlow-ThinItalic.ttf in Resources */,
				37F742CB244FBB620003A95E /* LaunchScreen.storyboard in Resources */,
				37A565E92470617B00D53058 /* Barlow-SemiBold.ttf in Resources */,
				37A565E42470617B00D53058 /* Barlow-Bold.ttf in Resources */,
				37A565E52470617B00D53058 /* OFL.txt in Resources */,
				37A565DA2470617B00D53058 /* Barlow-BoldItalic.ttf in Resources */,
				37A565E22470617B00D53058 /* Barlow-ExtraBold.ttf in Resources */,
				37A565E72470617B00D53058 /* Barlow-Regular.ttf in Resources */,
				37F742C8244FBB620003A95E /* Preview Assets.xcassets in Resources */,
				37F742C5244FBB620003A95E /* Assets.xcassets in Resources */,
				37A565DF2470617B00D53058 /* Barlow-ExtraLightItalic.ttf in Resources */,
				37A565DD2470617B00D53058 /* Barlow-MediumItalic.ttf in Resources */,
				37A565D92470617B00D53058 /* Barlow-SemiBoldItalic.ttf in Resources */,
				37A565E32470617B00D53058 /* Barlow-LightItalic.ttf in Resources */,
				37A565DE2470617B00D53058 /* Barlow-Italic.ttf in Resources */,
			);
			runOnlyForDeploymentPostprocessing = 0;
		};
/* End PBXResourcesBuildPhase section */

/* Begin PBXSourcesBuildPhase section */
		37F742B4244FBB610003A95E /* Sources */ = {
			isa = PBXSourcesBuildPhase;
			buildActionMask = 2147483647;
			files = (
				372CAD68247843CA00C195B4 /* donorProfile.swift in Sources */,
				3793A3B8246790A0002B9A14 /* choice.swift in Sources */,
				373C3EAD247C0FE100353D60 /* Logo.swift in Sources */,
				37B1EEFF2469CF05005C3354 /* FHIR.swift in Sources */,
				37A565EF2472D81300D53058 /* onboardingQ1.swift in Sources */,
				37F742E52450ACFC0003A95E /* sample data.swift in Sources */,
				3788F8592464797D00ACBD1E /* Today.swift in Sources */,
				37CE2FE824760F8E00F36017 /* filterDetail.swift in Sources */,
				37CE2FB72472F11200F36017 /* profiles.swift in Sources */,
				37B1EEA624685EC1005C3354 /* fhirmaptesting.swift in Sources */,
				37CE2FEA2476213700F36017 /* Notifications.swift in Sources */,
				37B1EF042469CFBC005C3354 /* FHIRViewModel.swift in Sources */,
				3788F85B2464798600ACBD1E /* Tomorrow.swift in Sources */,
				37F742BC244FBB610003A95E /* AppDelegate.swift in Sources */,
				37B1EF062469CFE8005C3354 /* FHIRDatabase.swift in Sources */,
				37F742E02450A5620003A95E /* paitentView.swift in Sources */,
				37F742D3244FC4960003A95E /* DonorView.swift in Sources */,
				373C3EAB2479BEFB00353D60 /* TextBox.swift in Sources */,
				372CAD6A2478443500C195B4 /* providerProfile.swift in Sources */,
				37CE2FBA2473463400F36017 /* filters.swift in Sources */,
				37B1EF082469D032005C3354 /* APIClient.swift in Sources */,
				37F742BE244FBB610003A95E /* SceneDelegate.swift in Sources */,
				3788F831245CDAC300ACBD1E /* newCharts.swift in Sources */,
				3788F853245F4C1A00ACBD1E /* ChatView.swift in Sources */,
				37CE2FBC24736F5800F36017 /* map.swift in Sources */,
				37F742D5244FC5640003A95E /* HomeView.swift in Sources */,
				37F742E82450D06E0003A95E /* patient.swift in Sources */,
				3788F8572464578F00ACBD1E /* testingschedule.swift in Sources */,
				37A565EC2471740800D53058 /* StyleGuide.swift in Sources */,
				37A565C2247025F800D53058 /* bezzy.swift in Sources */,
				37F742C3244FBB610003A95E /* ContentView.swift in Sources */,
				3788F85D2464798C00ACBD1E /* Week.swift in Sources */,
				372CAD6324780A9200C195B4 /* profileTabs.swift in Sources */,
				3799D70A2456834300EECDFB /* testing schedule.swift in Sources */,
				37F742C1244FBB610003A95E /* Lavendale.xcdatamodeld in Sources */,
				372CAD6C2478445D00C195B4 /* patientProfile.swift in Sources */,
				37F8C7332458D38800409F34 /* testing charts.swift in Sources */,
				37A565F12472DACF00D53058 /* Global.swift in Sources */,
			);
			runOnlyForDeploymentPostprocessing = 0;
		};
/* End PBXSourcesBuildPhase section */

/* Begin PBXVariantGroup section */
		37F742C9244FBB620003A95E /* LaunchScreen.storyboard */ = {
			isa = PBXVariantGroup;
			children = (
				37F742CA244FBB620003A95E /* Base */,
			);
			name = LaunchScreen.storyboard;
			sourceTree = "<group>";
		};
/* End PBXVariantGroup section */

/* Begin XCBuildConfiguration section */
		37F742CD244FBB620003A95E /* Debug */ = {
			isa = XCBuildConfiguration;
			buildSettings = {
				ALWAYS_SEARCH_USER_PATHS = NO;
				CLANG_ANALYZER_NONNULL = YES;
				CLANG_ANALYZER_NUMBER_OBJECT_CONVERSION = YES_AGGRESSIVE;
				CLANG_CXX_LANGUAGE_STANDARD = "gnu++14";
				CLANG_CXX_LIBRARY = "libc++";
				CLANG_ENABLE_MODULES = YES;
				CLANG_ENABLE_OBJC_ARC = YES;
				CLANG_ENABLE_OBJC_WEAK = YES;
				CLANG_WARN_BLOCK_CAPTURE_AUTORELEASING = YES;
				CLANG_WARN_BOOL_CONVERSION = YES;
				CLANG_WARN_COMMA = YES;
				CLANG_WARN_CONSTANT_CONVERSION = YES;
				CLANG_WARN_DEPRECATED_OBJC_IMPLEMENTATIONS = YES;
				CLANG_WARN_DIRECT_OBJC_ISA_USAGE = YES_ERROR;
				CLANG_WARN_DOCUMENTATION_COMMENTS = YES;
				CLANG_WARN_EMPTY_BODY = YES;
				CLANG_WARN_ENUM_CONVERSION = YES;
				CLANG_WARN_INFINITE_RECURSION = YES;
				CLANG_WARN_INT_CONVERSION = YES;
				CLANG_WARN_NON_LITERAL_NULL_CONVERSION = YES;
				CLANG_WARN_OBJC_IMPLICIT_RETAIN_SELF = YES;
				CLANG_WARN_OBJC_LITERAL_CONVERSION = YES;
				CLANG_WARN_OBJC_ROOT_CLASS = YES_ERROR;
				CLANG_WARN_RANGE_LOOP_ANALYSIS = YES;
				CLANG_WARN_STRICT_PROTOTYPES = YES;
				CLANG_WARN_SUSPICIOUS_MOVE = YES;
				CLANG_WARN_UNGUARDED_AVAILABILITY = YES_AGGRESSIVE;
				CLANG_WARN_UNREACHABLE_CODE = YES;
				CLANG_WARN__DUPLICATE_METHOD_MATCH = YES;
				COPY_PHASE_STRIP = NO;
				DEBUG_INFORMATION_FORMAT = dwarf;
				ENABLE_STRICT_OBJC_MSGSEND = YES;
				ENABLE_TESTABILITY = YES;
				GCC_C_LANGUAGE_STANDARD = gnu11;
				GCC_DYNAMIC_NO_PIC = NO;
				GCC_NO_COMMON_BLOCKS = YES;
				GCC_OPTIMIZATION_LEVEL = 0;
				GCC_PREPROCESSOR_DEFINITIONS = (
					"DEBUG=1",
					"$(inherited)",
				);
				GCC_WARN_64_TO_32_BIT_CONVERSION = YES;
				GCC_WARN_ABOUT_RETURN_TYPE = YES_ERROR;
				GCC_WARN_UNDECLARED_SELECTOR = YES;
				GCC_WARN_UNINITIALIZED_AUTOS = YES_AGGRESSIVE;
				GCC_WARN_UNUSED_FUNCTION = YES;
				GCC_WARN_UNUSED_VARIABLE = YES;
				IPHONEOS_DEPLOYMENT_TARGET = 13.4;
				MTL_ENABLE_DEBUG_INFO = INCLUDE_SOURCE;
				MTL_FAST_MATH = YES;
				ONLY_ACTIVE_ARCH = YES;
				SDKROOT = iphoneos;
				SWIFT_ACTIVE_COMPILATION_CONDITIONS = DEBUG;
				SWIFT_OPTIMIZATION_LEVEL = "-Onone";
			};
			name = Debug;
		};
		37F742CE244FBB620003A95E /* Release */ = {
			isa = XCBuildConfiguration;
			buildSettings = {
				ALWAYS_SEARCH_USER_PATHS = NO;
				CLANG_ANALYZER_NONNULL = YES;
				CLANG_ANALYZER_NUMBER_OBJECT_CONVERSION = YES_AGGRESSIVE;
				CLANG_CXX_LANGUAGE_STANDARD = "gnu++14";
				CLANG_CXX_LIBRARY = "libc++";
				CLANG_ENABLE_MODULES = YES;
				CLANG_ENABLE_OBJC_ARC = YES;
				CLANG_ENABLE_OBJC_WEAK = YES;
				CLANG_WARN_BLOCK_CAPTURE_AUTORELEASING = YES;
				CLANG_WARN_BOOL_CONVERSION = YES;
				CLANG_WARN_COMMA = YES;
				CLANG_WARN_CONSTANT_CONVERSION = YES;
				CLANG_WARN_DEPRECATED_OBJC_IMPLEMENTATIONS = YES;
				CLANG_WARN_DIRECT_OBJC_ISA_USAGE = YES_ERROR;
				CLANG_WARN_DOCUMENTATION_COMMENTS = YES;
				CLANG_WARN_EMPTY_BODY = YES;
				CLANG_WARN_ENUM_CONVERSION = YES;
				CLANG_WARN_INFINITE_RECURSION = YES;
				CLANG_WARN_INT_CONVERSION = YES;
				CLANG_WARN_NON_LITERAL_NULL_CONVERSION = YES;
				CLANG_WARN_OBJC_IMPLICIT_RETAIN_SELF = YES;
				CLANG_WARN_OBJC_LITERAL_CONVERSION = YES;
				CLANG_WARN_OBJC_ROOT_CLASS = YES_ERROR;
				CLANG_WARN_RANGE_LOOP_ANALYSIS = YES;
				CLANG_WARN_STRICT_PROTOTYPES = YES;
				CLANG_WARN_SUSPICIOUS_MOVE = YES;
				CLANG_WARN_UNGUARDED_AVAILABILITY = YES_AGGRESSIVE;
				CLANG_WARN_UNREACHABLE_CODE = YES;
				CLANG_WARN__DUPLICATE_METHOD_MATCH = YES;
				COPY_PHASE_STRIP = NO;
				DEBUG_INFORMATION_FORMAT = "dwarf-with-dsym";
				ENABLE_NS_ASSERTIONS = NO;
				ENABLE_STRICT_OBJC_MSGSEND = YES;
				GCC_C_LANGUAGE_STANDARD = gnu11;
				GCC_NO_COMMON_BLOCKS = YES;
				GCC_WARN_64_TO_32_BIT_CONVERSION = YES;
				GCC_WARN_ABOUT_RETURN_TYPE = YES_ERROR;
				GCC_WARN_UNDECLARED_SELECTOR = YES;
				GCC_WARN_UNINITIALIZED_AUTOS = YES_AGGRESSIVE;
				GCC_WARN_UNUSED_FUNCTION = YES;
				GCC_WARN_UNUSED_VARIABLE = YES;
				IPHONEOS_DEPLOYMENT_TARGET = 13.4;
				MTL_ENABLE_DEBUG_INFO = NO;
				MTL_FAST_MATH = YES;
				SDKROOT = iphoneos;
				SWIFT_COMPILATION_MODE = wholemodule;
				SWIFT_OPTIMIZATION_LEVEL = "-O";
				VALIDATE_PRODUCT = YES;
			};
			name = Release;
		};
		37F742D0244FBB620003A95E /* Debug */ = {
			isa = XCBuildConfiguration;
			buildSettings = {
				ASSETCATALOG_COMPILER_APPICON_NAME = AppIcon;
				CODE_SIGN_STYLE = Automatic;
				CURRENT_PROJECT_VERSION = 17;
				DEVELOPMENT_ASSET_PATHS = "\"Lavendale/Preview Content\"";
				DEVELOPMENT_TEAM = 25Y24L598Y;
				ENABLE_PREVIEWS = YES;
				INFOPLIST_FILE = Lavendale/Info.plist;
				LD_RUNPATH_SEARCH_PATHS = (
					"$(inherited)",
					"@executable_path/Frameworks",
				);
				MARKETING_VERSION = 1.0;
				PRODUCT_BUNDLE_IDENTIFIER = HealthCare.Lavendale;
				PRODUCT_NAME = "$(TARGET_NAME)";
				SWIFT_VERSION = 5.0;
				TARGETED_DEVICE_FAMILY = 1;
			};
			name = Debug;
		};
		37F742D1244FBB620003A95E /* Release */ = {
			isa = XCBuildConfiguration;
			buildSettings = {
				ASSETCATALOG_COMPILER_APPICON_NAME = AppIcon;
				CODE_SIGN_STYLE = Automatic;
				CURRENT_PROJECT_VERSION = 17;
				DEVELOPMENT_ASSET_PATHS = "\"Lavendale/Preview Content\"";
				DEVELOPMENT_TEAM = 25Y24L598Y;
				ENABLE_PREVIEWS = YES;
				INFOPLIST_FILE = Lavendale/Info.plist;
				LD_RUNPATH_SEARCH_PATHS = (
					"$(inherited)",
					"@executable_path/Frameworks",
				);
				MARKETING_VERSION = 1.0;
				PRODUCT_BUNDLE_IDENTIFIER = HealthCare.Lavendale;
				PRODUCT_NAME = "$(TARGET_NAME)";
				SWIFT_VERSION = 5.0;
				TARGETED_DEVICE_FAMILY = 1;
			};
			name = Release;
		};
/* End XCBuildConfiguration section */

/* Begin XCConfigurationList section */
		37F742B3244FBB610003A95E /* Build configuration list for PBXProject "Lavendale" */ = {
			isa = XCConfigurationList;
			buildConfigurations = (
				37F742CD244FBB620003A95E /* Debug */,
				37F742CE244FBB620003A95E /* Release */,
			);
			defaultConfigurationIsVisible = 0;
			defaultConfigurationName = Release;
		};
		37F742CF244FBB620003A95E /* Build configuration list for PBXNativeTarget "Lavendale" */ = {
			isa = XCConfigurationList;
			buildConfigurations = (
				37F742D0244FBB620003A95E /* Debug */,
				37F742D1244FBB620003A95E /* Release */,
			);
			defaultConfigurationIsVisible = 0;
			defaultConfigurationName = Release;
		};
/* End XCConfigurationList section */

/* Begin XCVersionGroup section */
		37F742BF244FBB610003A95E /* Lavendale.xcdatamodeld */ = {
			isa = XCVersionGroup;
			children = (
				37F742C0244FBB610003A95E /* Lavendale.xcdatamodel */,
			);
			currentVersion = 37F742C0244FBB610003A95E /* Lavendale.xcdatamodel */;
			path = Lavendale.xcdatamodeld;
			sourceTree = "<group>";
			versionGroupType = wrapper.xcdatamodel;
		};
/* End XCVersionGroup section */
	};
	rootObject = 37F742B0244FBB610003A95E /* Project object */;
}
